
Microsoft Visual Studio Solution File, Format Version 12.00
# Visual Studio Version 16
VisualStudioVersion = 16.0.31321.278
MinimumVisualStudioVersion = 10.0.40219.1
Project("{FAE04EC0-301F-11D3-BF4B-00C04F79EFBC}") = "WebApiDemo", "WebApiDemo\WebApiDemo.csproj", "{84B06681-EB95-4DDD-B8BE-640E9FE056AB}"
EndProject
Project("{FAE04EC0-301F-11D3-BF4B-00C04F79EFBC}") = "Web", "Web\Web.csproj", "{0D72E70B-DF7E-479F-88DB-D42F446D984D}"
EndProject
Global
	GlobalSection(SolutionConfigurationPlatforms) = preSolution
		Debug|Any CPU = Debug|Any CPU
		Release|Any CPU = Release|Any CPU
	EndGlobalSection
	GlobalSection(ProjectConfigurationPlatforms) = postSolution
		{84B06681-EB95-4DDD-B8BE-640E9FE056AB}.Debug|Any CPU.ActiveCfg = Debug|Any CPU
		{84B06681-EB95-4DDD-B8BE-640E9FE056AB}.Debug|Any CPU.Build.0 = Debug|Any CPU
		{84B06681-EB95-4DDD-B8BE-640E9FE056AB}.Release|Any CPU.ActiveCfg = Release|Any CPU
		{84B06681-EB95-4DDD-B8BE-640E9FE056AB}.Release|Any CPU.Build.0 = Release|Any CPU
		{0D72E70B-DF7E-479F-88DB-D42F446D984D}.Debug|Any CPU.ActiveCfg = Debug|Any CPU
		{0D72E70B-DF7E-479F-88DB-D42F446D984D}.Debug|Any CPU.Build.0 = Debug|Any CPU
		{0D72E70B-DF7E-479F-88DB-D42F446D984D}.Release|Any CPU.ActiveCfg = Release|Any CPU
		{0D72E70B-DF7E-479F-88DB-D42F446D984D}.Release|Any CPU.Build.0 = Release|Any CPU
	EndGlobalSection
	GlobalSection(SolutionProperties) = preSolution
		HideSolutionNode = FALSE
	EndGlobalSection
	GlobalSection(ExtensibilityGlobals) = postSolution
		SolutionGuid = {60CDA40D-FFEC-4AC5-B765-9F7015D867A0}
	EndGlobalSection
EndGlobal
